
Microsoft Visual Studio Solution File, Format Version 12.00
# Visual Studio Version 17
VisualStudioVersion = 17.14.36327.8 d17.14
MinimumVisualStudioVersion = 10.0.40219.1
Project("{FAE04EC0-301F-11D3-BF4B-00C04F79EFBC}") = "The second assigment", "The second assigment\The second assigment.csproj", "{DEDDBE59-C185-4999-A97D-21002E89BB84}"
EndProject
Global
	GlobalSection(SolutionConfigurationPlatforms) = preSolution
		Debug|Any CPU = Debug|Any CPU
		Release|Any CPU = Release|Any CPU
	EndGlobalSection
	GlobalSection(ProjectConfigurationPlatforms) = postSolution
		{DEDDBE59-C185-4999-A97D-21002E89BB84}.Debug|Any CPU.ActiveCfg = Debug|Any CPU
		{DEDDBE59-C185-4999-A97D-21002E89BB84}.Debug|Any CPU.Build.0 = Debug|Any CPU
		{DEDDBE59-C185-4999-A97D-21002E89BB84}.Release|Any CPU.ActiveCfg = Release|Any CPU
		{DEDDBE59-C185-4999-A97D-21002E89BB84}.Release|Any CPU.Build.0 = Release|Any CPU
	EndGlobalSection
	GlobalSection(SolutionProperties) = preSolution
		HideSolutionNode = FALSE
	EndGlobalSection
	GlobalSection(ExtensibilityGlobals) = postSolution
		SolutionGuid = {267D7B65-EDE2-4547-82B0-EEC6DF7E28F1}
	EndGlobalSection
EndGlobal
